
Microsoft Visual Studio Solution File, Format Version 12.00
# Visual Studio Version 17
VisualStudioVersion = 17.2.32630.192
MinimumVisualStudioVersion = 10.0.40219.1
Project("{FAE04EC0-301F-11D3-BF4B-00C04F79EFBC}") = "GenerateToken", "GenerateToken\GenerateToken.csproj", "{8586E208-A395-4E8E-94D0-721DA0B86413}"
EndProject
Global
	GlobalSection(SolutionConfigurationPlatforms) = preSolution
		Debug|Any CPU = Debug|Any CPU
		Release|Any CPU = Release|Any CPU
	EndGlobalSection
	GlobalSection(ProjectConfigurationPlatforms) = postSolution
		{8586E208-A395-4E8E-94D0-721DA0B86413}.Debug|Any CPU.ActiveCfg = Debug|Any CPU
		{8586E208-A395-4E8E-94D0-721DA0B86413}.Debug|Any CPU.Build.0 = Debug|Any CPU
		{8586E208-A395-4E8E-94D0-721DA0B86413}.Release|Any CPU.ActiveCfg = Release|Any CPU
		{8586E208-A395-4E8E-94D0-721DA0B86413}.Release|Any CPU.Build.0 = Release|Any CPU
	EndGlobalSection
	GlobalSection(SolutionProperties) = preSolution
		HideSolutionNode = FALSE
	EndGlobalSection
	GlobalSection(ExtensibilityGlobals) = postSolution
		SolutionGuid = {B3771DEF-FE84-4509-B1EA-E737DB22A62D}
	EndGlobalSection
EndGlobal
